
Microsoft Visual Studio Solution File, Format Version 12.00
# Visual Studio Version 16
VisualStudioVersion = 16.0.31402.337
MinimumVisualStudioVersion = 10.0.40219.1
Project("{FAE04EC0-301F-11D3-BF4B-00C04F79EFBC}") = "ETradeProject", "ETradeProject\ETradeProject.csproj", "{946A81CC-3B94-40F6-A12B-680FA6C7B18A}"
EndProject
Global
	GlobalSection(SolutionConfigurationPlatforms) = preSolution
		Debug|Any CPU = Debug|Any CPU
		Release|Any CPU = Release|Any CPU
	EndGlobalSection
	GlobalSection(ProjectConfigurationPlatforms) = postSolution
		{946A81CC-3B94-40F6-A12B-680FA6C7B18A}.Debug|Any CPU.ActiveCfg = Debug|Any CPU
		{946A81CC-3B94-40F6-A12B-680FA6C7B18A}.Debug|Any CPU.Build.0 = Debug|Any CPU
		{946A81CC-3B94-40F6-A12B-680FA6C7B18A}.Release|Any CPU.ActiveCfg = Release|Any CPU
		{946A81CC-3B94-40F6-A12B-680FA6C7B18A}.Release|Any CPU.Build.0 = Release|Any CPU
	EndGlobalSection
	GlobalSection(SolutionProperties) = preSolution
		HideSolutionNode = FALSE
	EndGlobalSection
	GlobalSection(ExtensibilityGlobals) = postSolution
		SolutionGuid = {8C4C2718-EF63-49E7-B748-4B622CC6E9A7}
	EndGlobalSection
EndGlobal
